// !$*UTF8*$!
{
	archiveVersion = 1;
	classes = {
	};
	objectVersion = 46;
	objects = {

/* Begin PBXBuildFile section */
		4E2CFF4C1FD0FC3C0056EF51 /* AppDelegate.swift in Sources */ = {isa = PBXBuildFile; fileRef = 4E2CFF4B1FD0FC3C0056EF51 /* AppDelegate.swift */; };
		4E2CFF501FD0FC3C0056EF51 /* Assets.xcassets in Resources */ = {isa = PBXBuildFile; fileRef = 4E2CFF4F1FD0FC3C0056EF51 /* Assets.xcassets */; };
		4E2CFF531FD0FC3C0056EF51 /* Main.storyboard in Resources */ = {isa = PBXBuildFile; fileRef = 4E2CFF511FD0FC3C0056EF51 /* Main.storyboard */; };
		4E4C068F1FD5312D00D58281 /* RootDirectoryProxy.swift in Sources */ = {isa = PBXBuildFile; fileRef = 4E4C068E1FD5312D00D58281 /* RootDirectoryProxy.swift */; };
		4E4C06911FD5338700D58281 /* GMLLog.swift in Sources */ = {isa = PBXBuildFile; fileRef = 4E4C06901FD5338700D58281 /* GMLLog.swift */; };
		4E4C06931FD5688400D58281 /* GlobelInfo.swift in Sources */ = {isa = PBXBuildFile; fileRef = 4E4C06921FD5688400D58281 /* GlobelInfo.swift */; };
		4E96F4F71FD100D10058FC13 /* BaseWindow.swift in Sources */ = {isa = PBXBuildFile; fileRef = 4E96F4F61FD100D10058FC13 /* BaseWindow.swift */; };
		4E96F4FB1FD101FE0058FC13 /* GMLExtensions.swift in Sources */ = {isa = PBXBuildFile; fileRef = 4E96F4FA1FD101FE0058FC13 /* GMLExtensions.swift */; };
		4E96F4FF1FD1037B0058FC13 /* CurrentBtn.swift in Sources */ = {isa = PBXBuildFile; fileRef = 4E96F4FC1FD1037B0058FC13 /* CurrentBtn.swift */; };
		4E96F5001FD1037B0058FC13 /* FontEnum.swift in Sources */ = {isa = PBXBuildFile; fileRef = 4E96F4FD1FD1037B0058FC13 /* FontEnum.swift */; };
		4E96F5011FD1037B0058FC13 /* GMLSkinManager.swift in Sources */ = {isa = PBXBuildFile; fileRef = 4E96F4FE1FD1037B0058FC13 /* GMLSkinManager.swift */; };
		4E96F5051FD109740058FC13 /* MainViewController.swift in Sources */ = {isa = PBXBuildFile; fileRef = 4E96F5041FD109740058FC13 /* MainViewController.swift */; };
		4E96F5071FD109820058FC13 /* MainView.swift in Sources */ = {isa = PBXBuildFile; fileRef = 4E96F5061FD109820058FC13 /* MainView.swift */; };
		4E96F5151FD109E50058FC13 /* GMLCoreDispatcher.m in Sources */ = {isa = PBXBuildFile; fileRef = 4E96F50A1FD109E50058FC13 /* GMLCoreDispatcher.m */; };
		4E96F5161FD109E50058FC13 /* GMLEvent.m in Sources */ = {isa = PBXBuildFile; fileRef = 4E96F50C1FD109E50058FC13 /* GMLEvent.m */; };
		4E96F5171FD109E50058FC13 /* GMLExtension.m in Sources */ = {isa = PBXBuildFile; fileRef = 4E96F50E1FD109E50058FC13 /* GMLExtension.m */; };
		4E96F5181FD109E50058FC13 /* GMLProxy.m in Sources */ = {isa = PBXBuildFile; fileRef = 4E96F5111FD109E50058FC13 /* GMLProxy.m */; };
		4E96F5191FD109E50058FC13 /* GMLProxyFactory.m in Sources */ = {isa = PBXBuildFile; fileRef = 4E96F5131FD109E50058FC13 /* GMLProxyFactory.m */; };
		4E96F51B1FD10AE20058FC13 /* GMLView.swift in Sources */ = {isa = PBXBuildFile; fileRef = 4E96F51A1FD10AE20058FC13 /* GMLView.swift */; };
		4E96F51D1FD125B80058FC13 /* TopView.swift in Sources */ = {isa = PBXBuildFile; fileRef = 4E96F51C1FD125B80058FC13 /* TopView.swift */; };
		4E96F51F1FD125E10058FC13 /* LeftView.swift in Sources */ = {isa = PBXBuildFile; fileRef = 4E96F51E1FD125E10058FC13 /* LeftView.swift */; };
		4E96F5211FD125F10058FC13 /* CenterView.swift in Sources */ = {isa = PBXBuildFile; fileRef = 4E96F5201FD125F10058FC13 /* CenterView.swift */; };
		4E96F5251FD131EF0058FC13 /* NotifyManager.swift in Sources */ = {isa = PBXBuildFile; fileRef = 4E96F5241FD131EF0058FC13 /* NotifyManager.swift */; };
		4E96F5271FD1436E0058FC13 /* CenterContainerView.swift in Sources */ = {isa = PBXBuildFile; fileRef = 4E96F5261FD1436E0058FC13 /* CenterContainerView.swift */; };
		4E96F52D1FD38DBC0058FC13 /* RightView1.swift in Sources */ = {isa = PBXBuildFile; fileRef = 4E96F52B1FD38DBC0058FC13 /* RightView1.swift */; };
		4E96F52E1FD38DBC0058FC13 /* RightView2.swift in Sources */ = {isa = PBXBuildFile; fileRef = 4E96F52C1FD38DBC0058FC13 /* RightView2.swift */; };
		4E96F5301FD38DD30058FC13 /* RightView_Attribute.swift in Sources */ = {isa = PBXBuildFile; fileRef = 4E96F52F1FD38DD30058FC13 /* RightView_Attribute.swift */; };
		4E96F5321FD38DE50058FC13 /* RightView_Path.swift in Sources */ = {isa = PBXBuildFile; fileRef = 4E96F5311FD38DE50058FC13 /* RightView_Path.swift */; };
		4E96F5341FD390CD0058FC13 /* RightView_CollectionV.swift in Sources */ = {isa = PBXBuildFile; fileRef = 4E96F5331FD390CD0058FC13 /* RightView_CollectionV.swift */; };
		4EBD71751FF39A8500E9BF9F /* H5Maker.swift in Sources */ = {isa = PBXBuildFile; fileRef = 4EBD71741FF39A8500E9BF9F /* H5Maker.swift */; };
		6E8E962B68A26429742E4C28 /* Pods_chachaH5Design.framework in Frameworks */ = {isa = PBXBuildFile; fileRef = F56383ED411FE038707476C9 /* Pods_chachaH5Design.framework */; };
/* End PBXBuildFile section */

/* Begin PBXFileReference section */
		1D16190E018068A2613BA93D /* Pods-chachaH5Design.debug.xcconfig */ = {isa = PBXFileReference; includeInIndex = 1; lastKnownFileType = text.xcconfig; name = "Pods-chachaH5Design.debug.xcconfig"; path = "Pods/Target Support Files/Pods-chachaH5Design/Pods-chachaH5Design.debug.xcconfig"; sourceTree = "<group>"; };
		4E2CFF481FD0FC3C0056EF51 /* chachaH5Design.app */ = {isa = PBXFileReference; explicitFileType = wrapper.application; includeInIndex = 0; path = chachaH5Design.app; sourceTree = BUILT_PRODUCTS_DIR; };
		4E2CFF4B1FD0FC3C0056EF51 /* AppDelegate.swift */ = {isa = PBXFileReference; lastKnownFileType = sourcecode.swift; path = AppDelegate.swift; sourceTree = "<group>"; };
		4E2CFF4F1FD0FC3C0056EF51 /* Assets.xcassets */ = {isa = PBXFileReference; lastKnownFileType = folder.assetcatalog; path = Assets.xcassets; sourceTree = "<group>"; };
		4E2CFF521FD0FC3C0056EF51 /* Base */ = {isa = PBXFileReference; lastKnownFileType = file.storyboard; name = Base; path = Base.lproj/Main.storyboard; sourceTree = "<group>"; };
		4E2CFF541FD0FC3C0056EF51 /* Info.plist */ = {isa = PBXFileReference; lastKnownFileType = text.plist.xml; path = Info.plist; sourceTree = "<group>"; };
		4E4C068E1FD5312D00D58281 /* RootDirectoryProxy.swift */ = {isa = PBXFileReference; fileEncoding = 4; lastKnownFileType = sourcecode.swift; path = RootDirectoryProxy.swift; sourceTree = "<group>"; };
		4E4C06901FD5338700D58281 /* GMLLog.swift */ = {isa = PBXFileReference; fileEncoding = 4; lastKnownFileType = sourcecode.swift; path = GMLLog.swift; sourceTree = "<group>"; };
		4E4C06921FD5688400D58281 /* GlobelInfo.swift */ = {isa = PBXFileReference; fileEncoding = 4; lastKnownFileType = sourcecode.swift; path = GlobelInfo.swift; sourceTree = "<group>"; };
		4E96F4F61FD100D10058FC13 /* BaseWindow.swift */ = {isa = PBXFileReference; fileEncoding = 4; lastKnownFileType = sourcecode.swift; path = BaseWindow.swift; sourceTree = "<group>"; };
		4E96F4FA1FD101FE0058FC13 /* GMLExtensions.swift */ = {isa = PBXFileReference; fileEncoding = 4; lastKnownFileType = sourcecode.swift; path = GMLExtensions.swift; sourceTree = "<group>"; };
		4E96F4FC1FD1037B0058FC13 /* CurrentBtn.swift */ = {isa = PBXFileReference; fileEncoding = 4; lastKnownFileType = sourcecode.swift; path = CurrentBtn.swift; sourceTree = "<group>"; };
		4E96F4FD1FD1037B0058FC13 /* FontEnum.swift */ = {isa = PBXFileReference; fileEncoding = 4; lastKnownFileType = sourcecode.swift; path = FontEnum.swift; sourceTree = "<group>"; };
		4E96F4FE1FD1037B0058FC13 /* GMLSkinManager.swift */ = {isa = PBXFileReference; fileEncoding = 4; lastKnownFileType = sourcecode.swift; path = GMLSkinManager.swift; sourceTree = "<group>"; };
		4E96F5021FD103A50058FC13 /* BridgeHeader.h */ = {isa = PBXFileReference; lastKnownFileType = sourcecode.c.h; path = BridgeHeader.h; sourceTree = "<group>"; };
		4E96F5041FD109740058FC13 /* MainViewController.swift */ = {isa = PBXFileReference; fileEncoding = 4; lastKnownFileType = sourcecode.swift; path = MainViewController.swift; sourceTree = "<group>"; };
		4E96F5061FD109820058FC13 /* MainView.swift */ = {isa = PBXFileReference; fileEncoding = 4; lastKnownFileType = sourcecode.swift; path = MainView.swift; sourceTree = "<group>"; };
		4E96F5091FD109E50058FC13 /* GMLCoreDispatcher.h */ = {isa = PBXFileReference; fileEncoding = 4; lastKnownFileType = sourcecode.c.h; path = GMLCoreDispatcher.h; sourceTree = "<group>"; };
		4E96F50A1FD109E50058FC13 /* GMLCoreDispatcher.m */ = {isa = PBXFileReference; fileEncoding = 4; lastKnownFileType = sourcecode.c.objc; path = GMLCoreDispatcher.m; sourceTree = "<group>"; };
		4E96F50B1FD109E50058FC13 /* GMLEvent.h */ = {isa = PBXFileReference; fileEncoding = 4; lastKnownFileType = sourcecode.c.h; path = GMLEvent.h; sourceTree = "<group>"; };
		4E96F50C1FD109E50058FC13 /* GMLEvent.m */ = {isa = PBXFileReference; fileEncoding = 4; lastKnownFileType = sourcecode.c.objc; path = GMLEvent.m; sourceTree = "<group>"; };
		4E96F50D1FD109E50058FC13 /* GMLExtension.h */ = {isa = PBXFileReference; fileEncoding = 4; lastKnownFileType = sourcecode.c.h; path = GMLExtension.h; sourceTree = "<group>"; };
		4E96F50E1FD109E50058FC13 /* GMLExtension.m */ = {isa = PBXFileReference; fileEncoding = 4; lastKnownFileType = sourcecode.c.objc; path = GMLExtension.m; sourceTree = "<group>"; };
		4E96F50F1FD109E50058FC13 /* GMLKit.h */ = {isa = PBXFileReference; fileEncoding = 4; lastKnownFileType = sourcecode.c.h; path = GMLKit.h; sourceTree = "<group>"; };
		4E96F5101FD109E50058FC13 /* GMLProxy.h */ = {isa = PBXFileReference; fileEncoding = 4; lastKnownFileType = sourcecode.c.h; path = GMLProxy.h; sourceTree = "<group>"; };
		4E96F5111FD109E50058FC13 /* GMLProxy.m */ = {isa = PBXFileReference; fileEncoding = 4; lastKnownFileType = sourcecode.c.objc; path = GMLProxy.m; sourceTree = "<group>"; };
		4E96F5121FD109E50058FC13 /* GMLProxyFactory.h */ = {isa = PBXFileReference; fileEncoding = 4; lastKnownFileType = sourcecode.c.h; path = GMLProxyFactory.h; sourceTree = "<group>"; };
		4E96F5131FD109E50058FC13 /* GMLProxyFactory.m */ = {isa = PBXFileReference; fileEncoding = 4; lastKnownFileType = sourcecode.c.objc; path = GMLProxyFactory.m; sourceTree = "<group>"; };
		4E96F5141FD109E50058FC13 /* GMLViewProtocal.h */ = {isa = PBXFileReference; fileEncoding = 4; lastKnownFileType = sourcecode.c.h; path = GMLViewProtocal.h; sourceTree = "<group>"; };
		4E96F51A1FD10AE20058FC13 /* GMLView.swift */ = {isa = PBXFileReference; fileEncoding = 4; lastKnownFileType = sourcecode.swift; path = GMLView.swift; sourceTree = "<group>"; };
		4E96F51C1FD125B80058FC13 /* TopView.swift */ = {isa = PBXFileReference; fileEncoding = 4; lastKnownFileType = sourcecode.swift; path = TopView.swift; sourceTree = "<group>"; };
		4E96F51E1FD125E10058FC13 /* LeftView.swift */ = {isa = PBXFileReference; fileEncoding = 4; lastKnownFileType = sourcecode.swift; path = LeftView.swift; sourceTree = "<group>"; };
		4E96F5201FD125F10058FC13 /* CenterView.swift */ = {isa = PBXFileReference; fileEncoding = 4; lastKnownFileType = sourcecode.swift; path = CenterView.swift; sourceTree = "<group>"; };
		4E96F5241FD131EF0058FC13 /* NotifyManager.swift */ = {isa = PBXFileReference; fileEncoding = 4; lastKnownFileType = sourcecode.swift; path = NotifyManager.swift; sourceTree = "<group>"; };
		4E96F5261FD1436E0058FC13 /* CenterContainerView.swift */ = {isa = PBXFileReference; fileEncoding = 4; lastKnownFileType = sourcecode.swift; path = CenterContainerView.swift; sourceTree = "<group>"; };
		4E96F52B1FD38DBC0058FC13 /* RightView1.swift */ = {isa = PBXFileReference; fileEncoding = 4; lastKnownFileType = sourcecode.swift; path = RightView1.swift; sourceTree = "<group>"; };
		4E96F52C1FD38DBC0058FC13 /* RightView2.swift */ = {isa = PBXFileReference; fileEncoding = 4; lastKnownFileType = sourcecode.swift; path = RightView2.swift; sourceTree = "<group>"; };
		4E96F52F1FD38DD30058FC13 /* RightView_Attribute.swift */ = {isa = PBXFileReference; fileEncoding = 4; lastKnownFileType = sourcecode.swift; path = RightView_Attribute.swift; sourceTree = "<group>"; };
		4E96F5311FD38DE50058FC13 /* RightView_Path.swift */ = {isa = PBXFileReference; fileEncoding = 4; lastKnownFileType = sourcecode.swift; path = RightView_Path.swift; sourceTree = "<group>"; };
		4E96F5331FD390CD0058FC13 /* RightView_CollectionV.swift */ = {isa = PBXFileReference; fileEncoding = 4; lastKnownFileType = sourcecode.swift; path = RightView_CollectionV.swift; sourceTree = "<group>"; };
		4EBD71741FF39A8500E9BF9F /* H5Maker.swift */ = {isa = PBXFileReference; lastKnownFileType = sourcecode.swift; path = H5Maker.swift; sourceTree = "<group>"; };
		C080094D75602B98C942ACE8 /* Pods-chachaH5Design.release.xcconfig */ = {isa = PBXFileReference; includeInIndex = 1; lastKnownFileType = text.xcconfig; name = "Pods-chachaH5Design.release.xcconfig"; path = "Pods/Target Support Files/Pods-chachaH5Design/Pods-chachaH5Design.release.xcconfig"; sourceTree = "<group>"; };
		F56383ED411FE038707476C9 /* Pods_chachaH5Design.framework */ = {isa = PBXFileReference; explicitFileType = wrapper.framework; includeInIndex = 0; path = Pods_chachaH5Design.framework; sourceTree = BUILT_PRODUCTS_DIR; };
/* End PBXFileReference section */

/* Begin PBXFrameworksBuildPhase section */
		4E2CFF451FD0FC3C0056EF51 /* Frameworks */ = {
			isa = PBXFrameworksBuildPhase;
			buildActionMask = 2147483647;
			files = (
				6E8E962B68A26429742E4C28 /* Pods_chachaH5Design.framework in Frameworks */,
			);
			runOnlyForDeploymentPostprocessing = 0;
		};
/* End PBXFrameworksBuildPhase section */

/* Begin PBXGroup section */
		4E2CFF3F1FD0FC3C0056EF51 = {
			isa = PBXGroup;
			children = (
				4E2CFF4A1FD0FC3C0056EF51 /* chachaH5Design */,
				4E2CFF491FD0FC3C0056EF51 /* Products */,
				6765BBF00D9C50D769DC44A3 /* Pods */,
				9917B9112BAAA9A8A1C7C27A /* Frameworks */,
			);
			sourceTree = "<group>";
		};
		4E2CFF491FD0FC3C0056EF51 /* Products */ = {
			isa = PBXGroup;
			children = (
				4E2CFF481FD0FC3C0056EF51 /* chachaH5Design.app */,
			);
			name = Products;
			sourceTree = "<group>";
		};
		4E2CFF4A1FD0FC3C0056EF51 /* chachaH5Design */ = {
			isa = PBXGroup;
			children = (
				4EBD71731FF39A4B00E9BF9F /* make */,
				4E4C06901FD5338700D58281 /* GMLLog.swift */,
				4E4C068D1FD5305000D58281 /* proxy */,
				4E96F51A1FD10AE20058FC13 /* GMLView.swift */,
				4E96F5081FD109E50058FC13 /* GMLKit */,
				4E96F5031FD109740058FC13 /* IDEUI */,
				4E96F4FC1FD1037B0058FC13 /* CurrentBtn.swift */,
				4E96F4FD1FD1037B0058FC13 /* FontEnum.swift */,
				4E96F4FE1FD1037B0058FC13 /* GMLSkinManager.swift */,
				4E96F4F61FD100D10058FC13 /* BaseWindow.swift */,
				4E2CFF4B1FD0FC3C0056EF51 /* AppDelegate.swift */,
				4E2CFF4F1FD0FC3C0056EF51 /* Assets.xcassets */,
				4E2CFF511FD0FC3C0056EF51 /* Main.storyboard */,
				4E2CFF541FD0FC3C0056EF51 /* Info.plist */,
				4E96F4FA1FD101FE0058FC13 /* GMLExtensions.swift */,
				4E96F5021FD103A50058FC13 /* BridgeHeader.h */,
			);
			path = chachaH5Design;
			sourceTree = "<group>";
		};
		4E4C068D1FD5305000D58281 /* proxy */ = {
			isa = PBXGroup;
			children = (
				4E4C068E1FD5312D00D58281 /* RootDirectoryProxy.swift */,
				4E4C06921FD5688400D58281 /* GlobelInfo.swift */,
			);
			path = proxy;
			sourceTree = "<group>";
		};
		4E96F5031FD109740058FC13 /* IDEUI */ = {
			isa = PBXGroup;
			children = (
				4E96F52A1FD38DBC0058FC13 /* rightViews */,
				4E96F5041FD109740058FC13 /* MainViewController.swift */,
				4E96F5061FD109820058FC13 /* MainView.swift */,
				4E96F51C1FD125B80058FC13 /* TopView.swift */,
				4E96F51E1FD125E10058FC13 /* LeftView.swift */,
				4E96F5201FD125F10058FC13 /* CenterView.swift */,
				4E96F5241FD131EF0058FC13 /* NotifyManager.swift */,
				4E96F5261FD1436E0058FC13 /* CenterContainerView.swift */,
			);
			path = IDEUI;
			sourceTree = "<group>";
		};
		4E96F5081FD109E50058FC13 /* GMLKit */ = {
			isa = PBXGroup;
			children = (
				4E96F5091FD109E50058FC13 /* GMLCoreDispatcher.h */,
				4E96F50A1FD109E50058FC13 /* GMLCoreDispatcher.m */,
				4E96F50B1FD109E50058FC13 /* GMLEvent.h */,
				4E96F50C1FD109E50058FC13 /* GMLEvent.m */,
				4E96F50D1FD109E50058FC13 /* GMLExtension.h */,
				4E96F50E1FD109E50058FC13 /* GMLExtension.m */,
				4E96F50F1FD109E50058FC13 /* GMLKit.h */,
				4E96F5101FD109E50058FC13 /* GMLProxy.h */,
				4E96F5111FD109E50058FC13 /* GMLProxy.m */,
				4E96F5121FD109E50058FC13 /* GMLProxyFactory.h */,
				4E96F5131FD109E50058FC13 /* GMLProxyFactory.m */,
				4E96F5141FD109E50058FC13 /* GMLViewProtocal.h */,
			);
			path = GMLKit;
			sourceTree = "<group>";
		};
		4E96F52A1FD38DBC0058FC13 /* rightViews */ = {
			isa = PBXGroup;
			children = (
				4E96F52B1FD38DBC0058FC13 /* RightView1.swift */,
				4E96F52C1FD38DBC0058FC13 /* RightView2.swift */,
				4E96F52F1FD38DD30058FC13 /* RightView_Attribute.swift */,
				4E96F5311FD38DE50058FC13 /* RightView_Path.swift */,
				4E96F5331FD390CD0058FC13 /* RightView_CollectionV.swift */,
			);
			path = rightViews;
			sourceTree = "<group>";
		};
		4EBD71731FF39A4B00E9BF9F /* make */ = {
			isa = PBXGroup;
			children = (
				4EBD71741FF39A8500E9BF9F /* H5Maker.swift */,
			);
			path = make;
			sourceTree = "<group>";
		};
		6765BBF00D9C50D769DC44A3 /* Pods */ = {
			isa = PBXGroup;
			children = (
				1D16190E018068A2613BA93D /* Pods-chachaH5Design.debug.xcconfig */,
				C080094D75602B98C942ACE8 /* Pods-chachaH5Design.release.xcconfig */,
			);
			name = Pods;
			sourceTree = "<group>";
		};
		9917B9112BAAA9A8A1C7C27A /* Frameworks */ = {
			isa = PBXGroup;
			children = (
				F56383ED411FE038707476C9 /* Pods_chachaH5Design.framework */,
			);
			name = Frameworks;
			sourceTree = "<group>";
		};
/* End PBXGroup section */

/* Begin PBXNativeTarget section */
		4E2CFF471FD0FC3C0056EF51 /* chachaH5Design */ = {
			isa = PBXNativeTarget;
			buildConfigurationList = 4E2CFF571FD0FC3C0056EF51 /* Build configuration list for PBXNativeTarget "chachaH5Design" */;
			buildPhases = (
				A51FEFE9A2DC306BD058FC0C /* [CP] Check Pods Manifest.lock */,
				4E2CFF441FD0FC3C0056EF51 /* Sources */,
				4E2CFF451FD0FC3C0056EF51 /* Frameworks */,
				4E2CFF461FD0FC3C0056EF51 /* Resources */,
				B3FA4F48C78EFB9C4D498ACB /* [CP] Embed Pods Frameworks */,
				E6AE77D4A147913B23404132 /* [CP] Copy Pods Resources */,
			);
			buildRules = (
			);
			dependencies = (
			);
			name = chachaH5Design;
			productName = chachaH5Design;
			productReference = 4E2CFF481FD0FC3C0056EF51 /* chachaH5Design.app */;
			productType = "com.apple.product-type.application";
		};
/* End PBXNativeTarget section */

/* Begin PBXProject section */
		4E2CFF401FD0FC3C0056EF51 /* Project object */ = {
			isa = PBXProject;
			attributes = {
				LastSwiftUpdateCheck = 0820;
				LastUpgradeCheck = 0920;
				ORGANIZATIONNAME = SSdk;
				TargetAttributes = {
					4E2CFF471FD0FC3C0056EF51 = {
						CreatedOnToolsVersion = 8.2.1;
						ProvisioningStyle = Automatic;
					};
				};
			};
			buildConfigurationList = 4E2CFF431FD0FC3C0056EF51 /* Build configuration list for PBXProject "chachaH5Design" */;
			compatibilityVersion = "Xcode 3.2";
			developmentRegion = English;
			hasScannedForEncodings = 0;
			knownRegions = (
				en,
				Base,
			);
			mainGroup = 4E2CFF3F1FD0FC3C0056EF51;
			productRefGroup = 4E2CFF491FD0FC3C0056EF51 /* Products */;
			projectDirPath = "";
			projectRoot = "";
			targets = (
				4E2CFF471FD0FC3C0056EF51 /* chachaH5Design */,
			);
		};
/* End PBXProject section */

/* Begin PBXResourcesBuildPhase section */
		4E2CFF461FD0FC3C0056EF51 /* Resources */ = {
			isa = PBXResourcesBuildPhase;
			buildActionMask = 2147483647;
			files = (
				4E2CFF501FD0FC3C0056EF51 /* Assets.xcassets in Resources */,
				4E2CFF531FD0FC3C0056EF51 /* Main.storyboard in Resources */,
			);
			runOnlyForDeploymentPostprocessing = 0;
		};
/* End PBXResourcesBuildPhase section */

/* Begin PBXShellScriptBuildPhase section */
		A51FEFE9A2DC306BD058FC0C /* [CP] Check Pods Manifest.lock */ = {
			isa = PBXShellScriptBuildPhase;
			buildActionMask = 2147483647;
			files = (
			);
			inputPaths = (
				"${PODS_PODFILE_DIR_PATH}/Podfile.lock",
				"${PODS_ROOT}/Manifest.lock",
			);
			name = "[CP] Check Pods Manifest.lock";
			outputPaths = (
				"$(DERIVED_FILE_DIR)/Pods-chachaH5Design-checkManifestLockResult.txt",
			);
			runOnlyForDeploymentPostprocessing = 0;
			shellPath = /bin/sh;
			shellScript = "diff \"${PODS_PODFILE_DIR_PATH}/Podfile.lock\" \"${PODS_ROOT}/Manifest.lock\" > /dev/null\nif [ $? != 0 ] ; then\n    # print error to STDERR\n    echo \"error: The sandbox is not in sync with the Podfile.lock. Run 'pod install' or update your CocoaPods installation.\" >&2\n    exit 1\nfi\n# This output is used by Xcode 'outputs' to avoid re-running this script phase.\necho \"SUCCESS\" > \"${SCRIPT_OUTPUT_FILE_0}\"\n";
			showEnvVarsInLog = 0;
		};
		B3FA4F48C78EFB9C4D498ACB /* [CP] Embed Pods Frameworks */ = {
			isa = PBXShellScriptBuildPhase;
			buildActionMask = 2147483647;
			files = (
			);
			inputPaths = (
				"${SRCROOT}/Pods/Target Support Files/Pods-chachaH5Design/Pods-chachaH5Design-frameworks.sh",
				"${BUILT_PRODUCTS_DIR}/AFNetworking/AFNetworking.framework",
				"${BUILT_PRODUCTS_DIR}/SnapKit/SnapKit.framework",
				"${BUILT_PRODUCTS_DIR}/pop/pop.framework",
			);
			name = "[CP] Embed Pods Frameworks";
			outputPaths = (
				"${TARGET_BUILD_DIR}/${FRAMEWORKS_FOLDER_PATH}/AFNetworking.framework",
				"${TARGET_BUILD_DIR}/${FRAMEWORKS_FOLDER_PATH}/SnapKit.framework",
				"${TARGET_BUILD_DIR}/${FRAMEWORKS_FOLDER_PATH}/pop.framework",
			);
			runOnlyForDeploymentPostprocessing = 0;
			shellPath = /bin/sh;
			shellScript = "\"${SRCROOT}/Pods/Target Support Files/Pods-chachaH5Design/Pods-chachaH5Design-frameworks.sh\"\n";
			showEnvVarsInLog = 0;
		};
		E6AE77D4A147913B23404132 /* [CP] Copy Pods Resources */ = {
			isa = PBXShellScriptBuildPhase;
			buildActionMask = 2147483647;
			files = (
			);
			inputPaths = (
			);
			name = "[CP] Copy Pods Resources";
			outputPaths = (
			);
			runOnlyForDeploymentPostprocessing = 0;
			shellPath = /bin/sh;
			shellScript = "\"${SRCROOT}/Pods/Target Support Files/Pods-chachaH5Design/Pods-chachaH5Design-resources.sh\"\n";
			showEnvVarsInLog = 0;
		};
/* End PBXShellScriptBuildPhase section */

/* Begin PBXSourcesBuildPhase section */
		4E2CFF441FD0FC3C0056EF51 /* Sources */ = {
			isa = PBXSourcesBuildPhase;
			buildActionMask = 2147483647;
			files = (
				4E96F5251FD131EF0058FC13 /* NotifyManager.swift in Sources */,
				4E96F5051FD109740058FC13 /* MainViewController.swift in Sources */,
				4E96F51D1FD125B80058FC13 /* TopView.swift in Sources */,
				4E96F5071FD109820058FC13 /* MainView.swift in Sources */,
				4E96F5191FD109E50058FC13 /* GMLProxyFactory.m in Sources */,
				4E96F4FF1FD1037B0058FC13 /* CurrentBtn.swift in Sources */,
				4E96F5151FD109E50058FC13 /* GMLCoreDispatcher.m in Sources */,
				4E96F4F71FD100D10058FC13 /* BaseWindow.swift in Sources */,
				4E96F5341FD390CD0058FC13 /* RightView_CollectionV.swift in Sources */,
				4EBD71751FF39A8500E9BF9F /* H5Maker.swift in Sources */,
				4E96F5211FD125F10058FC13 /* CenterView.swift in Sources */,
				4E96F5161FD109E50058FC13 /* GMLEvent.m in Sources */,
				4E96F5011FD1037B0058FC13 /* GMLSkinManager.swift in Sources */,
				4E4C068F1FD5312D00D58281 /* RootDirectoryProxy.swift in Sources */,
				4E96F5171FD109E50058FC13 /* GMLExtension.m in Sources */,
				4E96F5321FD38DE50058FC13 /* RightView_Path.swift in Sources */,
				4E96F5301FD38DD30058FC13 /* RightView_Attribute.swift in Sources */,
				4E4C06931FD5688400D58281 /* GlobelInfo.swift in Sources */,
				4E96F51B1FD10AE20058FC13 /* GMLView.swift in Sources */,
				4E4C06911FD5338700D58281 /* GMLLog.swift in Sources */,
				4E96F52D1FD38DBC0058FC13 /* RightView1.swift in Sources */,
				4E96F52E1FD38DBC0058FC13 /* RightView2.swift in Sources */,
				4E96F5001FD1037B0058FC13 /* FontEnum.swift in Sources */,
				4E96F4FB1FD101FE0058FC13 /* GMLExtensions.swift in Sources */,
				4E96F5271FD1436E0058FC13 /* CenterContainerView.swift in Sources */,
				4E2CFF4C1FD0FC3C0056EF51 /* AppDelegate.swift in Sources */,
				4E96F5181FD109E50058FC13 /* GMLProxy.m in Sources */,
				4E96F51F1FD125E10058FC13 /* LeftView.swift in Sources */,
			);
			runOnlyForDeploymentPostprocessing = 0;
		};
/* End PBXSourcesBuildPhase section */

/* Begin PBXVariantGroup section */
		4E2CFF511FD0FC3C0056EF51 /* Main.storyboard */ = {
			isa = PBXVariantGroup;
			children = (
				4E2CFF521FD0FC3C0056EF51 /* Base */,
			);
			name = Main.storyboard;
			sourceTree = "<group>";
		};
/* End PBXVariantGroup section */

/* Begin XCBuildConfiguration section */
		4E2CFF551FD0FC3C0056EF51 /* Debug */ = {
			isa = XCBuildConfiguration;
			buildSettings = {
				ALWAYS_SEARCH_USER_PATHS = NO;
				CLANG_ANALYZER_NONNULL = YES;
				CLANG_CXX_LANGUAGE_STANDARD = "gnu++0x";
				CLANG_CXX_LIBRARY = "libc++";
				CLANG_ENABLE_MODULES = YES;
				CLANG_ENABLE_OBJC_ARC = YES;
				CLANG_WARN_BLOCK_CAPTURE_AUTORELEASING = YES;
				CLANG_WARN_BOOL_CONVERSION = YES;
				CLANG_WARN_COMMA = YES;
				CLANG_WARN_CONSTANT_CONVERSION = YES;
				CLANG_WARN_DIRECT_OBJC_ISA_USAGE = YES_ERROR;
				CLANG_WARN_DOCUMENTATION_COMMENTS = YES;
				CLANG_WARN_EMPTY_BODY = YES;
				CLANG_WARN_ENUM_CONVERSION = YES;
				CLANG_WARN_INFINITE_RECURSION = YES;
				CLANG_WARN_INT_CONVERSION = YES;
				CLANG_WARN_NON_LITERAL_NULL_CONVERSION = YES;
				CLANG_WARN_OBJC_LITERAL_CONVERSION = YES;
				CLANG_WARN_OBJC_ROOT_CLASS = YES_ERROR;
				CLANG_WARN_RANGE_LOOP_ANALYSIS = YES;
				CLANG_WARN_STRICT_PROTOTYPES = YES;
				CLANG_WARN_SUSPICIOUS_MOVE = YES;
				CLANG_WARN_UNREACHABLE_CODE = YES;
				CLANG_WARN__DUPLICATE_METHOD_MATCH = YES;
				CODE_SIGN_IDENTITY = "-";
				COPY_PHASE_STRIP = NO;
				DEBUG_INFORMATION_FORMAT = dwarf;
				ENABLE_STRICT_OBJC_MSGSEND = YES;
				ENABLE_TESTABILITY = YES;
				GCC_C_LANGUAGE_STANDARD = gnu99;
				GCC_DYNAMIC_NO_PIC = NO;
				GCC_NO_COMMON_BLOCKS = YES;
				GCC_OPTIMIZATION_LEVEL = 0;
				GCC_PREPROCESSOR_DEFINITIONS = (
					"DEBUG=1",
					"$(inherited)",
				);
				GCC_WARN_64_TO_32_BIT_CONVERSION = YES;
				GCC_WARN_ABOUT_RETURN_TYPE = YES_ERROR;
				GCC_WARN_UNDECLARED_SELECTOR = YES;
				GCC_WARN_UNINITIALIZED_AUTOS = YES_AGGRESSIVE;
				GCC_WARN_UNUSED_FUNCTION = YES;
				GCC_WARN_UNUSED_VARIABLE = YES;
				MACOSX_DEPLOYMENT_TARGET = 10.12;
				MTL_ENABLE_DEBUG_INFO = YES;
				ONLY_ACTIVE_ARCH = YES;
				SDKROOT = macosx;
				SWIFT_ACTIVE_COMPILATION_CONDITIONS = DEBUG;
				SWIFT_OPTIMIZATION_LEVEL = "-Onone";
			};
			name = Debug;
		};
		4E2CFF561FD0FC3C0056EF51 /* Release */ = {
			isa = XCBuildConfiguration;
			buildSettings = {
				ALWAYS_SEARCH_USER_PATHS = NO;
				CLANG_ANALYZER_NONNULL = YES;
				CLANG_CXX_LANGUAGE_STANDARD = "gnu++0x";
				CLANG_CXX_LIBRARY = "libc++";
				CLANG_ENABLE_MODULES = YES;
				CLANG_ENABLE_OBJC_ARC = YES;
				CLANG_WARN_BLOCK_CAPTURE_AUTORELEASING = YES;
				CLANG_WARN_BOOL_CONVERSION = YES;
				CLANG_WARN_COMMA = YES;
				CLANG_WARN_CONSTANT_CONVERSION = YES;
				CLANG_WARN_DIRECT_OBJC_ISA_USAGE = YES_ERROR;
				CLANG_WARN_DOCUMENTATION_COMMENTS = YES;
				CLANG_WARN_EMPTY_BODY = YES;
				CLANG_WARN_ENUM_CONVERSION = YES;
				CLANG_WARN_INFINITE_RECURSION = YES;
				CLANG_WARN_INT_CONVERSION = YES;
				CLANG_WARN_NON_LITERAL_NULL_CONVERSION = YES;
				CLANG_WARN_OBJC_LITERAL_CONVERSION = YES;
				CLANG_WARN_OBJC_ROOT_CLASS = YES_ERROR;
				CLANG_WARN_RANGE_LOOP_ANALYSIS = YES;
				CLANG_WARN_STRICT_PROTOTYPES = YES;
				CLANG_WARN_SUSPICIOUS_MOVE = YES;
				CLANG_WARN_UNREACHABLE_CODE = YES;
				CLANG_WARN__DUPLICATE_METHOD_MATCH = YES;
				CODE_SIGN_IDENTITY = "-";
				COPY_PHASE_STRIP = NO;
				DEBUG_INFORMATION_FORMAT = "dwarf-with-dsym";
				ENABLE_NS_ASSERTIONS = NO;
				ENABLE_STRICT_OBJC_MSGSEND = YES;
				GCC_C_LANGUAGE_STANDARD = gnu99;
				GCC_NO_COMMON_BLOCKS = YES;
				GCC_WARN_64_TO_32_BIT_CONVERSION = YES;
				GCC_WARN_ABOUT_RETURN_TYPE = YES_ERROR;
				GCC_WARN_UNDECLARED_SELECTOR = YES;
				GCC_WARN_UNINITIALIZED_AUTOS = YES_AGGRESSIVE;
				GCC_WARN_UNUSED_FUNCTION = YES;
				GCC_WARN_UNUSED_VARIABLE = YES;
				MACOSX_DEPLOYMENT_TARGET = 10.12;
				MTL_ENABLE_DEBUG_INFO = NO;
				SDKROOT = macosx;
				SWIFT_OPTIMIZATION_LEVEL = "-Owholemodule";
			};
			name = Release;
		};
		4E2CFF581FD0FC3C0056EF51 /* Debug */ = {
			isa = XCBuildConfiguration;
			baseConfigurationReference = 1D16190E018068A2613BA93D /* Pods-chachaH5Design.debug.xcconfig */;
			buildSettings = {
				ASSETCATALOG_COMPILER_APPICON_NAME = AppIcon;
				COMBINE_HIDPI_IMAGES = YES;
				INFOPLIST_FILE = chachaH5Design/Info.plist;
				LD_RUNPATH_SEARCH_PATHS = "$(inherited) @executable_path/../Frameworks";
				PRODUCT_BUNDLE_IDENTIFIER = com.51talkiosDeveloper.chachaH5Design;
				PRODUCT_NAME = "$(TARGET_NAME)";
				SWIFT_OBJC_BRIDGING_HEADER = chachaH5Design/BridgeHeader.h;
				SWIFT_VERSION = 4.0;
			};
			name = Debug;
		};
		4E2CFF591FD0FC3C0056EF51 /* Release */ = {
			isa = XCBuildConfiguration;
			baseConfigurationReference = C080094D75602B98C942ACE8 /* Pods-chachaH5Design.release.xcconfig */;
			buildSettings = {
				ASSETCATALOG_COMPILER_APPICON_NAME = AppIcon;
				COMBINE_HIDPI_IMAGES = YES;
				INFOPLIST_FILE = chachaH5Design/Info.plist;
				LD_RUNPATH_SEARCH_PATHS = "$(inherited) @executable_path/../Frameworks";
				PRODUCT_BUNDLE_IDENTIFIER = com.51talkiosDeveloper.chachaH5Design;
				PRODUCT_NAME = "$(TARGET_NAME)";
				SWIFT_OBJC_BRIDGING_HEADER = chachaH5Design/BridgeHeader.h;
				SWIFT_VERSION = 4.0;
			};
			name = Release;
		};
/* End XCBuildConfiguration section */

/* Begin XCConfigurationList section */
		4E2CFF431FD0FC3C0056EF51 /* Build configuration list for PBXProject "chachaH5Design" */ = {
			isa = XCConfigurationList;
			buildConfigurations = (
				4E2CFF551FD0FC3C0056EF51 /* Debug */,
				4E2CFF561FD0FC3C0056EF51 /* Release */,
			);
			defaultConfigurationIsVisible = 0;
			defaultConfigurationName = Release;
		};
		4E2CFF571FD0FC3C0056EF51 /* Build configuration list for PBXNativeTarget "chachaH5Design" */ = {
			isa = XCConfigurationList;
			buildConfigurations = (
				4E2CFF581FD0FC3C0056EF51 /* Debug */,
				4E2CFF591FD0FC3C0056EF51 /* Release */,
			);
			defaultConfigurationIsVisible = 0;
			defaultConfigurationName = Release;
		};
/* End XCConfigurationList section */
	};
	rootObject = 4E2CFF401FD0FC3C0056EF51 /* Project object */;
}
